# Generated by conda-lock.
# platform: linux-64
# input_hash: dd8ccbd900dd3fce4530cd1c243c875b1882368bd7bfe90495344eebd9858f5b
@EXPLICIT
https://conda.anaconda.org/conda-forge/linux-64/_libgcc_mutex-0.1-conda_forge.tar.bz2#d7c89558ba9fa0495403155b64376d81
https://conda.anaconda.org/conda-forge/noarch/_r-mutex-1.0.1-anacondar_1.tar.bz2#19f9db5f4f1b7f5ef5f6d67207f25f38
https://conda.anaconda.org/conda-forge/linux-64/ca-certificates-2024.2.2-hbcca054_0.conda#2f4327a1cbe7f022401b236e915a5fef
https://conda.anaconda.org/conda-forge/noarch/font-ttf-dejavu-sans-mono-2.37-hab24e00_0.tar.bz2#0c96522c6bdaed4b1566d11387caaf45
https://conda.anaconda.org/conda-forge/noarch/font-ttf-inconsolata-3.000-h77eed37_0.tar.bz2#34893075a5c9e55cdafac56607368fc6
https://conda.anaconda.org/conda-forge/noarch/font-ttf-source-code-pro-2.038-h77eed37_0.tar.bz2#4d59c254e01d9cde7957100457e2d5fb
https://conda.anaconda.org/conda-forge/noarch/font-ttf-ubuntu-0.83-h77eed37_1.conda#6185f640c43843e5ad6fd1c5372c3f80
https://conda.anaconda.org/conda-forge/noarch/kernel-headers_linux-64-2.6.32-he073ed8_17.conda#d731b543793afc0433c4fd593e693fce
https://conda.anaconda.org/conda-forge/linux-64/ld_impl_linux-64-2.40-h41732ed_0.conda#7aca3059a1729aa76c597603f10b0dd3
https://conda.anaconda.org/conda-forge/noarch/libgcc-devel_linux-64-13.2.0-ha9c7c90_105.conda#3bc29a967fee57e193ce51f51c598bca
https://conda.anaconda.org/conda-forge/noarch/libstdcxx-devel_linux-64-13.2.0-ha9c7c90_105.conda#66383205c2e1bdf013df52fa9e3e6763
https://conda.anaconda.org/conda-forge/linux-64/libstdcxx-ng-13.2.0-h7e041cc_5.conda#f6f6600d18a4047b54f803cf708b868a
https://conda.anaconda.org/conda-forge/linux-64/pandoc-3.1.12.2-ha770c72_0.conda#4f04ceee8d953367da7de726af233303
https://conda.anaconda.org/conda-forge/noarch/tzdata-2024a-h0c530f3_0.conda#161081fc7cec0bfda0d86d7cb595f8d8
https://conda.anaconda.org/conda-forge/noarch/fonts-conda-forge-1-0.tar.bz2#f766549260d6815b0c52253f1fb1bb29
https://conda.anaconda.org/conda-forge/linux-64/libgomp-13.2.0-h807b86a_5.conda#d211c42b9ce49aee3734fdc828731689
https://conda.anaconda.org/conda-forge/noarch/sysroot_linux-64-2.12-he073ed8_17.conda#595db67e32b276298ff3d94d07d47fbf
https://conda.anaconda.org/conda-forge/linux-64/_openmp_mutex-4.5-2_gnu.tar.bz2#73aaf86a425cc6e73fcf236a5a46396d
https://conda.anaconda.org/conda-forge/linux-64/binutils_impl_linux-64-2.40-hf600244_0.conda#33084421a8c0af6aef1b439707f7662a
https://conda.anaconda.org/conda-forge/noarch/fonts-conda-ecosystem-1-0.tar.bz2#fee5683a3f04bd15cbd8318b096a27ab
https://conda.anaconda.org/conda-forge/linux-64/libgcc-ng-13.2.0-h807b86a_5.conda#d4ff227c46917d3b4565302a2bbb276b
https://conda.anaconda.org/conda-forge/linux-64/aws-c-common-0.9.14-hd590300_0.conda#d44fe0d9a6971a4fb245be0055775d9d
https://conda.anaconda.org/conda-forge/linux-64/bzip2-1.0.8-hd590300_5.conda#69b8b6202a07720f448be700e300ccf4
https://conda.anaconda.org/conda-forge/linux-64/c-ares-1.27.0-hd590300_0.conda#f6afff0e9ee08d2f1b897881a4f38cdb
https://conda.anaconda.org/conda-forge/linux-64/fribidi-1.0.10-h36c2ea0_0.tar.bz2#ac7bc6a654f8f41b352b38f4051135f8
https://conda.anaconda.org/conda-forge/linux-64/gflags-2.2.2-he1b5a44_1004.tar.bz2#cddaf2c63ea4a5901cf09524c490ecdc
https://conda.anaconda.org/conda-forge/linux-64/graphite2-1.3.13-h58526e2_1001.tar.bz2#8c54672728e8ec6aa6db90cf2806d220
https://conda.anaconda.org/conda-forge/linux-64/icu-73.2-h59595ed_0.conda#cc47e1facc155f91abd89b11e48e72ff
https://conda.anaconda.org/conda-forge/linux-64/keyutils-1.6.1-h166bdaf_0.tar.bz2#30186d27e2c9fa62b45fb1476b7200e3
https://conda.anaconda.org/conda-forge/linux-64/lerc-4.0.0-h27087fc_0.tar.bz2#76bbff344f0134279f225174e9064c8f
https://conda.anaconda.org/conda-forge/linux-64/libabseil-20240116.1-cxx17_h59595ed_2.conda#75648bc5dd3b8eab22406876c24d81ec
https://conda.anaconda.org/conda-forge/linux-64/libbrotlicommon-1.1.0-hd590300_1.conda#aec6c91c7371c26392a06708a73c70e5
https://conda.anaconda.org/conda-forge/linux-64/libcrc32c-1.1.2-h9c3ff4c_0.tar.bz2#c965a5aa0d5c1c37ffc62dff36e28400
https://conda.anaconda.org/conda-forge/linux-64/libdeflate-1.19-hd590300_0.conda#1635570038840ee3f9c71d22aa5b8b6d
https://conda.anaconda.org/conda-forge/linux-64/libev-4.33-hd590300_2.conda#172bf1cd1ff8629f2b1179945ed45055
https://conda.anaconda.org/conda-forge/linux-64/libexpat-2.6.2-h59595ed_0.conda#e7ba12deb7020dd080c6c70e7b6f6a3d
https://conda.anaconda.org/conda-forge/linux-64/libffi-3.4.2-h7f98852_5.tar.bz2#d645c6d2ac96843a2bfaccd2d62b3ac3
https://conda.anaconda.org/conda-forge/linux-64/libgfortran5-13.2.0-ha4646dd_5.conda#7a6bd7a12a4bd359e2afe6c0fa1acace
https://conda.anaconda.org/conda-forge/linux-64/libiconv-1.17-hd590300_2.conda#d66573916ffcf376178462f1b61c941e
https://conda.anaconda.org/conda-forge/linux-64/libjpeg-turbo-3.0.0-hd590300_1.conda#ea25936bb4080d843790b586850f82b8
https://conda.anaconda.org/conda-forge/linux-64/libnsl-2.0.1-hd590300_0.conda#30fd6e37fe21f86f4bd26d6ee73eeec7
https://conda.anaconda.org/conda-forge/linux-64/libsanitizer-13.2.0-h7e041cc_5.conda#3f686300a92604d1bdff9a29dd4a6639
https://conda.anaconda.org/conda-forge/linux-64/libutf8proc-2.8.0-h166bdaf_0.tar.bz2#ede4266dc02e875fe1ea77b25dd43747
https://conda.anaconda.org/conda-forge/linux-64/libuuid-2.38.1-h0b41bf4_0.conda#40b61aab5c7ba9ff276c41cfffe6b80b
https://conda.anaconda.org/conda-forge/linux-64/libwebp-base-1.3.2-hd590300_0.conda#30de3fd9b3b602f7473f30e684eeea8c
https://conda.anaconda.org/conda-forge/linux-64/libxcrypt-4.4.36-hd590300_1.conda#5aa797f8787fe7a17d1b0821485b5adc
https://conda.anaconda.org/conda-forge/linux-64/libzlib-1.2.13-hd590300_5.conda#f36c115f1ee199da648e0597ec2047ad
https://conda.anaconda.org/conda-forge/linux-64/lz4-c-1.9.4-hcb278e6_0.conda#318b08df404f9c9be5712aaa5a6f0bb0
https://conda.anaconda.org/conda-forge/linux-64/make-4.3-hd18ef5c_1.tar.bz2#4049ebfd3190b580dffe76daed26155a
https://conda.anaconda.org/conda-forge/linux-64/ncurses-6.4-h59595ed_2.conda#7dbaa197d7ba6032caf7ae7f32c1efa0
https://conda.anaconda.org/conda-forge/linux-64/openssl-3.2.1-hd590300_0.conda#51a753e64a3027bd7e23a189b1f6e91e
https://conda.anaconda.org/conda-forge/linux-64/pixman-0.43.2-h59595ed_0.conda#71004cbf7924e19c02746ccde9fd7123
https://conda.anaconda.org/conda-forge/linux-64/pthread-stubs-0.4-h36c2ea0_1001.tar.bz2#22dad4df6e8630e8dff2428f6f6a7036
https://conda.anaconda.org/conda-forge/linux-64/sed-4.8-he412f7d_0.tar.bz2#7362f0042e95681f5d371c46c83ebd08
https://conda.anaconda.org/conda-forge/linux-64/snappy-1.1.10-h9fff704_0.conda#e6d228cd0bb74a51dd18f5bfce0b4115
https://conda.anaconda.org/conda-forge/linux-64/xorg-kbproto-1.0.7-h7f98852_1002.tar.bz2#4b230e8381279d76131116660f5a241a
https://conda.anaconda.org/conda-forge/linux-64/xorg-libice-1.1.1-hd590300_0.conda#b462a33c0be1421532f28bfe8f4a7514
https://conda.anaconda.org/conda-forge/linux-64/xorg-libxau-1.0.11-hd590300_0.conda#2c80dc38fface310c9bd81b17037fee5
https://conda.anaconda.org/conda-forge/linux-64/xorg-libxdmcp-1.1.3-h7f98852_0.tar.bz2#be93aabceefa2fac576e971aef407908
https://conda.anaconda.org/conda-forge/linux-64/xorg-renderproto-0.11.1-h7f98852_1002.tar.bz2#06feff3d2634e3097ce2fe681474b534
https://conda.anaconda.org/conda-forge/linux-64/xorg-xextproto-7.3.0-h0b41bf4_1003.conda#bce9f945da8ad2ae9b1d7165a64d0f87
https://conda.anaconda.org/conda-forge/linux-64/xorg-xproto-7.0.31-h7f98852_1007.tar.bz2#b4a4381d54784606820704f7b5f05a15
https://conda.anaconda.org/conda-forge/linux-64/xz-5.2.6-h166bdaf_0.tar.bz2#2161070d867d1b1204ea749c8eec4ef0
https://conda.anaconda.org/conda-forge/linux-64/aws-c-cal-0.6.10-ha9bf9b1_2.conda#ce2471034f5459a39636aacc292c96b6
https://conda.anaconda.org/conda-forge/linux-64/aws-c-compression-0.2.18-h4466546_2.conda#b0d9153fc7cfa8dc36b8703e1a59f5f3
https://conda.anaconda.org/conda-forge/linux-64/aws-c-sdkutils-0.1.15-h4466546_2.conda#258194cedccd33fd8a7b95a8aa105015
https://conda.anaconda.org/conda-forge/linux-64/aws-checksums-0.1.18-h4466546_2.conda#8a04fc5a5ecaba31f66904b47dcc7797
https://conda.anaconda.org/conda-forge/linux-64/expat-2.6.2-h59595ed_0.conda#53fb86322bdb89496d7579fe3f02fd61
https://conda.anaconda.org/conda-forge/linux-64/gcc_impl_linux-64-13.2.0-h338b0a0_5.conda#a6be13181cb66a78544b1d5f7bac97d0
https://conda.anaconda.org/conda-forge/linux-64/glog-0.7.0-hed5481d_0.conda#a9ea19c48e11754899299f8123070f4e
https://conda.anaconda.org/conda-forge/linux-64/libbrotlidec-1.1.0-hd590300_1.conda#f07002e225d7a60a694d42a7bf5ff53f
https://conda.anaconda.org/conda-forge/linux-64/libbrotlienc-1.1.0-hd590300_1.conda#5fc11c6020d421960607d821310fcd4d
https://conda.anaconda.org/conda-forge/linux-64/libedit-3.1.20191231-he28a2e2_2.tar.bz2#4d331e44109e3f0e19b4cb8f9b82f3e1
https://conda.anaconda.org/conda-forge/linux-64/libevent-2.1.12-hf998b51_1.conda#a1cfcc585f0c42bf8d5546bb1dfb668d
https://conda.anaconda.org/conda-forge/linux-64/libgfortran-ng-13.2.0-h69a702a_5.conda#e73e9cfd1191783392131e6238bdb3e9
https://conda.anaconda.org/conda-forge/linux-64/libnghttp2-1.58.0-h47da74e_1.conda#700ac6ea6d53d5510591c4344d5c989a
https://conda.anaconda.org/conda-forge/linux-64/libpng-1.6.43-h2797004_0.conda#009981dd9cfcaa4dbfa25ffaed86bcae
https://conda.anaconda.org/conda-forge/linux-64/libprotobuf-4.25.3-h08a7969_0.conda#6945825cebd2aeb16af4c69d97c32c13
https://conda.anaconda.org/conda-forge/linux-64/libre2-11-2023.09.01-h5a48ba9_2.conda#41c69fba59d495e8cf5ffda48a607e35
https://conda.anaconda.org/conda-forge/linux-64/libsqlite-3.45.2-h2797004_0.conda#866983a220e27a80cb75e85cb30466a1
https://conda.anaconda.org/conda-forge/linux-64/libssh2-1.11.0-h0841786_0.conda#1f5a58e686b13bcfde88b93f547d23fe
https://conda.anaconda.org/conda-forge/linux-64/libxcb-1.15-h0b41bf4_0.conda#33277193f5b92bad9fdd230eb700929c
https://conda.anaconda.org/conda-forge/linux-64/pcre2-10.43-hcad00b1_0.conda#8292dea9e022d9610a11fce5e0896ed8
https://conda.anaconda.org/conda-forge/linux-64/readline-8.2-h8228510_1.conda#47d31b792659ce70f470b5c82fdfb7a4
https://conda.anaconda.org/conda-forge/linux-64/s2n-1.4.6-h06160fa_0.conda#88350a8ea5a9aa734b8b553bfd2ff78c
https://conda.anaconda.org/conda-forge/linux-64/tk-8.6.13-noxft_h4845f30_101.conda#d453b98d9c83e71da0741bb0ff4d76bc
https://conda.anaconda.org/conda-forge/linux-64/xorg-libsm-1.2.4-h7391055_0.conda#93ee23f12bc2e684548181256edd2cf6
https://conda.anaconda.org/conda-forge/linux-64/zlib-1.2.13-hd590300_5.conda#68c34ec6149623be41a1933ab996a209
https://conda.anaconda.org/conda-forge/linux-64/zstd-1.5.5-hfc55251_0.conda#04b88013080254850d6c01ed54810589
https://conda.anaconda.org/conda-forge/linux-64/aws-c-io-0.14.6-h9e7f0e3_0.conda#3fef14ef6e79ea0da149cebb1d0635bf
https://conda.anaconda.org/conda-forge/linux-64/bwidget-1.9.14-ha770c72_1.tar.bz2#5746d6202ba2abad4a4707f2a2462795
https://conda.anaconda.org/conda-forge/linux-64/freetype-2.12.1-h267a509_2.conda#9ae35c3d96db2c94ce0cef86efdfa2cb
https://conda.anaconda.org/conda-forge/linux-64/gfortran_impl_linux-64-13.2.0-h76e1118_5.conda#4685e2c6393800ce0d88d3876ceb7416
https://conda.anaconda.org/conda-forge/linux-64/gxx_impl_linux-64-13.2.0-h338b0a0_5.conda#88d0ccab114eb0e837725bd48cdddae5
https://conda.anaconda.org/conda-forge/linux-64/krb5-1.21.2-h659d440_0.conda#cd95826dbd331ed1be26bdf401432844
https://conda.anaconda.org/conda-forge/linux-64/libglib-2.80.0-hf2295e7_0.conda#6c0d5a4f5292e54bf9b8dc14ee7df448
https://conda.anaconda.org/conda-forge/linux-64/libopenblas-0.3.26-pthreads_h413a1c8_0.conda#760ae35415f5ba8b15d09df5afe8b23a
https://conda.anaconda.org/conda-forge/linux-64/libthrift-0.19.0-hb90f79a_1.conda#8cdb7d41faa0260875ba92414c487e2d
https://conda.anaconda.org/conda-forge/linux-64/libtiff-4.6.0-ha9c0a0a_2.conda#55ed21669b2015f77c180feb1dd41930
https://conda.anaconda.org/conda-forge/linux-64/orc-2.0.0-h1e5e2c1_0.conda#53e8f030579d34e1a36a735d527c021f
https://conda.anaconda.org/conda-forge/linux-64/python-3.12.2-hab00c5b_0_cpython.conda#ad7b68400f3a6ebe72b00be093c7f301
https://conda.anaconda.org/conda-forge/linux-64/re2-2023.09.01-h7f4b329_2.conda#8f70e36268dea8eb666ef14c29bd3cda
https://conda.anaconda.org/conda-forge/linux-64/tktable-2.10-h0c5db8f_5.conda#9464044754ea25557a9c93f0327d90a6
https://conda.anaconda.org/conda-forge/linux-64/xorg-libx11-1.8.7-h8ee46fc_0.conda#49e482d882669206653b095f5206c05b
https://conda.anaconda.org/conda-forge/linux-64/aws-c-event-stream-0.4.2-he635cd5_6.conda#58fc78e523e35a08423c913751a51fde
https://conda.anaconda.org/conda-forge/linux-64/aws-c-http-0.8.1-hbfc29b2_7.conda#8476ec099649e9a6de52f7f4d916cd2a
https://conda.anaconda.org/conda-forge/linux-64/fontconfig-2.14.2-h14ed4e7_0.conda#0f69b688f52ff6da70bccb7ff7001d1d
https://conda.anaconda.org/conda-forge/linux-64/libblas-3.9.0-21_linux64_openblas.conda#0ac9f44fc096772b0aa092119b00c3ca
https://conda.anaconda.org/conda-forge/linux-64/libcurl-8.5.0-hca28451_0.conda#7144d5a828e2cae218e0e3c98d8a0aeb
https://conda.anaconda.org/conda-forge/linux-64/libgrpc-1.62.1-h15f2491_0.conda#564517a8cbd095cff75eb996d33d2b7e
https://conda.anaconda.org/conda-forge/linux-64/xorg-libxext-1.3.4-h0b41bf4_2.conda#82b6df12252e6f32402b96dacc656fec
https://conda.anaconda.org/conda-forge/linux-64/xorg-libxrender-0.9.11-hd590300_0.conda#ed67c36f215b310412b2af935bf3e530
https://conda.anaconda.org/conda-forge/linux-64/xorg-libxt-1.3.0-hd590300_1.conda#ae92aab42726eb29d16488924f7312cb
https://conda.anaconda.org/conda-forge/linux-64/aws-c-auth-0.7.16-haed3651_8.conda#ce96c083829ab2727c942243ac93ffe0
https://conda.anaconda.org/conda-forge/linux-64/aws-c-mqtt-0.10.3-hffff1cc_2.conda#14ad8defb307e1edb293c3fc9da8648f
https://conda.anaconda.org/conda-forge/linux-64/cairo-1.18.0-h3faef2a_0.conda#f907bb958910dc404647326ca80c263e
https://conda.anaconda.org/conda-forge/linux-64/curl-8.5.0-hca28451_0.conda#e5e83fb15e752dbc8f54c4ac7da7d0f1
https://conda.anaconda.org/conda-forge/linux-64/libgoogle-cloud-2.22.0-h9be4e54_1.conda#4b4e36a91e7dabf7345b82d85767a7c3
https://conda.anaconda.org/conda-forge/linux-64/liblapack-3.9.0-21_linux64_openblas.conda#1a42f305615c3867684e049e85927531
https://conda.anaconda.org/conda-forge/linux-64/aws-c-s3-0.5.2-h4893938_2.conda#7e24759a8b8ead67ce687f3c31ffd12f
https://conda.anaconda.org/conda-forge/linux-64/harfbuzz-8.3.0-h3d44ed6_0.conda#5a6f6c00ef982a9bc83558d9ac8f64a0
https://conda.anaconda.org/conda-forge/linux-64/libgoogle-cloud-storage-2.22.0-hc7a4891_1.conda#7811f043944e010e54640918ea82cecd
https://conda.anaconda.org/conda-forge/linux-64/aws-crt-cpp-0.26.3-h137ae52_2.conda#21c8acfdfa31ab5582897dda7c9c8a75
https://conda.anaconda.org/conda-forge/linux-64/pango-1.52.1-ha41ecd1_0.conda#5c0cc002bf4eaa56448b0729efd6e96c
https://conda.anaconda.org/conda-forge/linux-64/aws-sdk-cpp-1.11.267-he0cb598_3.conda#ca4aebdc89bb9b08b3b6dd68ae09080d
https://conda.anaconda.org/conda-forge/linux-64/r-base-4.2.3-hcf4f30c_13.conda#43396f14fd2a61b68120521b79b02033
https://conda.anaconda.org/conda-forge/linux-64/libarrow-14.0.2-h6bfc85a_13_cpu.conda#0b97d14e02c9a6c3a259f9cd88335c9f
https://conda.anaconda.org/conda-forge/noarch/r-assertthat-0.2.1-r42hc72bb7e_4.conda#9e2de5d2c8df79610aafece39bce1580
https://conda.anaconda.org/conda-forge/linux-64/r-base64enc-0.1_3-r42h57805ef_1006.conda#edb57bac221b8745eb0ae706d4d688c3
https://conda.anaconda.org/conda-forge/linux-64/r-bit-4.0.5-r42h57805ef_1.conda#4ccc4000f0768acfe453595cd8e55560
https://conda.anaconda.org/conda-forge/linux-64/r-brio-1.1.4-r42h57805ef_0.conda#d16aea81c67a6c39968d3fac74db7f01
https://conda.anaconda.org/conda-forge/linux-64/r-cli-3.6.2-r42ha503ecb_0.conda#ebba67abd29784c938fb79f38493937c
https://conda.anaconda.org/conda-forge/noarch/r-clipr-0.8.0-r42hc72bb7e_2.conda#63c4dca017822708289fa70d7648ca20
https://conda.anaconda.org/conda-forge/linux-64/r-colorspace-2.1_0-r42h57805ef_1.conda#68ec691b072953b496ca1a4d83b2bc3d
https://conda.anaconda.org/conda-forge/noarch/r-cpp11-0.4.7-r42hc72bb7e_0.conda#941d7bcf2b94a682419ea1fbf6789d1f
https://conda.anaconda.org/conda-forge/noarch/r-crayon-1.5.2-r42hc72bb7e_2.conda#0d77b1723809ebf4c38d2e9efd952904
https://conda.anaconda.org/conda-forge/linux-64/r-curl-5.1.0-r42hf9611b0_0.conda#e6fe2344ef3db318300971fa3fe20446
https://conda.anaconda.org/conda-forge/linux-64/r-data.table-1.15.2-r42h029312a_0.conda#167b8fbe01bb967b5a6d7ed3ab84f212
https://conda.anaconda.org/conda-forge/linux-64/r-digest-0.6.35-r42ha503ecb_0.conda#83d16e7e2dfc023e6ef195a247f20108
https://conda.anaconda.org/conda-forge/noarch/r-evaluate-0.23-r42hc72bb7e_0.conda#465c4fc79e489c23cbd7310e3f1625e8
https://conda.anaconda.org/conda-forge/linux-64/r-fansi-1.0.6-r42h57805ef_0.conda#c12524190662098e2e8a245a3d1bc7dc
https://conda.anaconda.org/conda-forge/linux-64/r-farver-2.1.1-r42ha503ecb_2.conda#cd46ced5fb6bb407f4b4a8567afbe7f2
https://conda.anaconda.org/conda-forge/linux-64/r-fastmap-1.1.1-r42ha503ecb_1.conda#d04b13ceb4438396cf69346a30387fe8
https://conda.anaconda.org/conda-forge/noarch/r-findpython-1.0.8-r42hc72bb7e_1.conda#653bd86564e6dd4dd4a16afa66a35545
https://conda.anaconda.org/conda-forge/linux-64/r-fs-1.6.3-r42ha503ecb_0.conda#29c3d5ab4862458a8337afedc16d65d1
https://conda.anaconda.org/conda-forge/noarch/r-generics-0.1.3-r42hc72bb7e_2.conda#c492355d73e184353c82b62f5087a601
https://conda.anaconda.org/conda-forge/linux-64/r-glue-1.7.0-r42h57805ef_0.conda#eab803a28d66337ae3732b04c5f5604f
https://conda.anaconda.org/conda-forge/linux-64/r-isoband-0.2.7-r42ha503ecb_2.conda#44979df954a15195470f336cd18b5eb6
https://conda.anaconda.org/conda-forge/linux-64/r-jsonlite-1.8.8-r42h57805ef_0.conda#d0b27ba963de139270a7b53f897afdf6
https://conda.anaconda.org/conda-forge/noarch/r-labeling-0.4.3-r42hc72bb7e_0.conda#b9b940011dd81d8b60859fcd0d9775f4
https://conda.anaconda.org/conda-forge/linux-64/r-lattice-0.22_5-r42h57805ef_0.conda#5a88f8d857fa8b341afe7dea0e0e4dd8
https://conda.anaconda.org/conda-forge/linux-64/r-magrittr-2.0.3-r42h57805ef_2.conda#ea3b13247660dd534a745a26f8d02365
https://conda.anaconda.org/conda-forge/linux-64/r-mass-7.3_60.0.1-r42h57805ef_0.conda#0427fa6c4da6a4b2e43d8dfd022e933b
https://conda.anaconda.org/conda-forge/linux-64/r-mime-0.12-r42h57805ef_2.conda#befffa58ea2ce9a56476c88f41f57282
https://conda.anaconda.org/conda-forge/noarch/r-pkgconfig-2.0.3-r42hc72bb7e_3.conda#469b66f84a5d234689b423c9821b188c
https://conda.anaconda.org/conda-forge/noarch/r-praise-1.0.0-r42hc72bb7e_1007.conda#c3c56e7a41762d0e3fcc82d5211650bf
https://conda.anaconda.org/conda-forge/noarch/r-proto-1.0.0-r42ha770c72_2005.conda#3ad3844892eeab53592daf21bc4dbdc0
https://conda.anaconda.org/conda-forge/linux-64/r-ps-1.7.6-r42h57805ef_0.conda#3a592c79e0fade3a0c3574696fa143a3
https://conda.anaconda.org/conda-forge/noarch/r-r6-2.5.1-r42hc72bb7e_2.conda#1473a12b55128f8ac776ae5595a4d0cb
https://conda.anaconda.org/conda-forge/linux-64/r-rappdirs-0.3.3-r42h57805ef_2.conda#0adb2aa9cb199dbd729b334c4353b627
https://conda.anaconda.org/conda-forge/noarch/r-rcolorbrewer-1.1_3-r42h785f33e_2.conda#b7b475c73493f70cbbb9d7213b94aed1
https://conda.anaconda.org/conda-forge/linux-64/r-rcpp-1.0.12-r42h7df8631_0.conda#096448d673973c0e45b9d803da251971
https://conda.anaconda.org/conda-forge/noarch/r-rematch-2.0.0-r42hc72bb7e_0.conda#757617e08000ae685c8d8896a8b2592f
https://conda.anaconda.org/conda-forge/linux-64/r-rjsonio-1.3_1.9-r42ha503ecb_0.conda#b11d5c28cbff548c2813bb159ad86fe5
https://conda.anaconda.org/conda-forge/linux-64/r-rlang-1.1.3-r42ha503ecb_0.conda#c0bdd6699c53cd819ad0618db16e4c4c
https://conda.anaconda.org/conda-forge/noarch/r-rprojroot-2.0.4-r42hc72bb7e_0.conda#c2bb0aa15018f8d9a4bc7b9e459dc94f
https://conda.anaconda.org/conda-forge/noarch/r-rstudioapi-0.15.0-r42hc72bb7e_0.conda#1c389d083511ed0926ad7cc2acbdc7c9
https://conda.anaconda.org/conda-forge/linux-64/r-stringi-1.8.3-r42h9facbd6_0.conda#dd8e5e67c96997e5b7037046336b4042
https://conda.anaconda.org/conda-forge/linux-64/r-sys-3.4.2-r42h57805ef_1.conda#3fd09c0862884f7d32ddb490df556701
https://conda.anaconda.org/conda-forge/linux-64/r-sysfonts-0.8.9-r42h871ee9d_0.conda#5479c1809b971520c1ce6da6d9af62ee
https://conda.anaconda.org/conda-forge/linux-64/r-utf8-1.2.4-r42h57805ef_0.conda#1da2e3bcbf75c6ddc3466941d88ff93f
https://conda.anaconda.org/conda-forge/linux-64/r-uuid-1.2_0-r42h57805ef_0.conda#f7585e68687b274880bbd68f34c0524d
https://conda.anaconda.org/conda-forge/noarch/r-viridislite-0.4.2-r42hc72bb7e_1.conda#e7a6483f639fb958747100bd17550ed6
https://conda.anaconda.org/conda-forge/noarch/r-withr-3.0.0-r42hc72bb7e_0.conda#972eaab581c25fff9ea6986aa6ab281a
https://conda.anaconda.org/conda-forge/linux-64/r-xfun-0.42-r42ha503ecb_0.conda#e3b85a65b15d1d7cca2d2e2e13027572
https://conda.anaconda.org/conda-forge/linux-64/r-yaml-2.3.8-r42h57805ef_0.conda#97f60a93ca12f4fdd5f44049dcee4345
https://conda.anaconda.org/conda-forge/linux-64/libarrow-acero-14.0.2-h59595ed_13_cpu.conda#28e25c6db46fc5542c858cf701909d84
https://conda.anaconda.org/conda-forge/linux-64/libparquet-14.0.2-h352af49_13_cpu.conda#0c4ee07d6a56434b8e1abfdce42ffe9a
https://conda.anaconda.org/conda-forge/noarch/r-argparse-2.2.2-r42hc72bb7e_1.conda#ad02b3b906e7e893eab1f186acf67a1f
https://conda.anaconda.org/conda-forge/linux-64/r-askpass-1.2.0-r42h57805ef_0.conda#ed72932727c35b0ab14b9b99b3c2aee3
https://conda.anaconda.org/conda-forge/linux-64/r-bit64-4.0.5-r42h57805ef_2.conda#f1a2bf52456654df3204bb392cca9c44
https://conda.anaconda.org/conda-forge/linux-64/r-cachem-1.0.8-r42h57805ef_1.conda#6c0003b35e197734f664697d2024bbdc
https://conda.anaconda.org/conda-forge/noarch/r-desc-1.4.3-r42hc72bb7e_0.conda#8c535581a9a3a1e2a0f5ef6d7e4d6a7f
https://conda.anaconda.org/conda-forge/linux-64/r-diffobj-0.3.5-r42h57805ef_2.conda#e38307d86c04a8f145703e8537d90092
https://conda.anaconda.org/conda-forge/linux-64/r-ellipsis-0.3.2-r42h57805ef_2.conda#1673236a1895ca5cce15c888435ad2f9
https://conda.anaconda.org/conda-forge/noarch/r-here-1.0.1-r42hc72bb7e_2.conda#d507786af64162917926015e993391ef
https://conda.anaconda.org/conda-forge/noarch/r-highr-0.10-r42hc72bb7e_1.conda#5ef308228378d30ab6c0d8af4e98187e
https://conda.anaconda.org/conda-forge/noarch/r-lifecycle-1.0.4-r42hc72bb7e_0.conda#7d00a412d44005a8714c192589143b81
https://conda.anaconda.org/conda-forge/linux-64/r-matrix-1.6_5-r42h316c678_0.conda#4f52f9c56146c8692503a7d2057ba7ba
https://conda.anaconda.org/conda-forge/noarch/r-munsell-0.5.0-r42hc72bb7e_1006.conda#38eb6efc7fa1804565e82f6808fb95c7
https://conda.anaconda.org/conda-forge/linux-64/r-nlme-3.1_164-r42h61816a4_0.conda#a0ebcc036dca9c4b31a0cd481a012401
https://conda.anaconda.org/conda-forge/noarch/r-prettyunits-1.2.0-r42hc72bb7e_0.conda#fa34fcf93fe6bb63bd825602e7ee18cb
https://conda.anaconda.org/conda-forge/linux-64/r-processx-3.8.3-r42h57805ef_0.conda#4d38afb1bcce69f906f8ce7e15e8e8fb
https://conda.anaconda.org/conda-forge/noarch/r-sessioninfo-1.2.2-r42hc72bb7e_2.conda#1f74008a009e5d0d0a1d3f7822c5a8e4
https://conda.anaconda.org/conda-forge/noarch/r-showtextdb-3.0-r42hc72bb7e_2.conda#ce47f193a683c6db8d78fb6eb23103b8
https://conda.anaconda.org/conda-forge/linux-64/r-timechange-0.3.0-r42ha503ecb_0.conda#3d62906e9c1fecf61370a3ad6e808e5e
https://conda.anaconda.org/conda-forge/noarch/r-tinytex-0.49-r42hc72bb7e_1.conda#53b2c33550aa92ada557e19acf1f363e
https://conda.anaconda.org/conda-forge/linux-64/r-tzdb-0.4.0-r42ha503ecb_1.conda#ac5702a3efe976c99d973e97f4e8e9b1
https://conda.anaconda.org/conda-forge/linux-64/libarrow-dataset-14.0.2-h59595ed_13_cpu.conda#5266653f8b74e0ba57401be532055410
https://conda.anaconda.org/conda-forge/noarch/r-callr-3.7.5-r42hc72bb7e_0.conda#893cd9794e983948df1adada3e836a7f
https://conda.anaconda.org/conda-forge/noarch/r-gtable-0.3.4-r42hc72bb7e_0.conda#23aef5ff6a50adfa8b38650828f31bd4
https://conda.anaconda.org/conda-forge/linux-64/r-htmltools-0.5.7-r42ha503ecb_0.conda#5d2e844e12cfea98d512804924471650
https://conda.anaconda.org/conda-forge/noarch/r-knitr-1.45-r42hc72bb7e_1.conda#ab7f0d0e9df7bd3339775a62de21927f
https://conda.anaconda.org/conda-forge/linux-64/r-lubridate-1.9.3-r42h57805ef_0.conda#01fd816e4231ae7cf2833e5661a92611
https://conda.anaconda.org/conda-forge/noarch/r-memoise-2.0.1-r42hc72bb7e_2.conda#b463525f1d20873104e8d738c8e28b5e
https://conda.anaconda.org/conda-forge/linux-64/r-mgcv-1.9_1-r42h316c678_0.conda#5c3d738118f5948f6cc29ccb63d6e2ff
https://conda.anaconda.org/conda-forge/linux-64/r-openssl-2.1.1-r42hb353fa6_0.conda#a8acb9073b2b8f2b6f1dcf908104c4d8
https://conda.anaconda.org/conda-forge/noarch/r-scales-1.3.0-r42hc72bb7e_0.conda#0af4021fe6d0047bbf7a34bf21c50bdd
https://conda.anaconda.org/conda-forge/linux-64/r-showtext-0.9_7-r42h871ee9d_0.conda#3d2580011dbd298e70773e3b30e494f1
https://conda.anaconda.org/conda-forge/linux-64/r-vctrs-0.6.5-r42ha503ecb_0.conda#5689030c60302fb5bb7a48b54c11dbe8
https://conda.anaconda.org/conda-forge/linux-64/libarrow-substrait-14.0.2-h757c851_13_cpu.conda#15c79e6f7b9686ebff4d687a33a52a76
https://conda.anaconda.org/conda-forge/noarch/r-fontawesome-0.5.2-r42hc72bb7e_0.conda#e11627c499da431439c7863033cfafb0
https://conda.anaconda.org/conda-forge/noarch/r-hms-1.1.3-r42hc72bb7e_1.conda#18275801a3c5f928d7a7da60470f4cc3
https://conda.anaconda.org/conda-forge/noarch/r-httr-1.4.7-r42hc72bb7e_0.conda#5ea781f852e922b927ed46fa7e188e45
https://conda.anaconda.org/conda-forge/noarch/r-ids-1.0.1-r42hc72bb7e_3.conda#a021d5cfe8a8478c73bcfcbf633cebb3
https://conda.anaconda.org/conda-forge/noarch/r-jose-1.2.0-r42hc72bb7e_2.conda#516f4875c18018dbeca9f131a21d175a
https://conda.anaconda.org/conda-forge/noarch/r-jquerylib-0.1.4-r42hc72bb7e_2.conda#d748f7b4d48529b0ad0308f0be1dd132
https://conda.anaconda.org/conda-forge/noarch/r-pillar-1.9.0-r42hc72bb7e_1.conda#07d5ce8e710897745f14c951ff947cdd
https://conda.anaconda.org/conda-forge/noarch/r-pkgbuild-1.4.2-r42hc72bb7e_0.conda#54a9e060cfdfc29eac64610b6cd8eedc
https://conda.anaconda.org/conda-forge/linux-64/r-purrr-1.0.2-r42h57805ef_0.conda#7985dada48799b7814ca069794d0b1a3
https://conda.anaconda.org/conda-forge/linux-64/r-sass-0.4.8-r42ha503ecb_0.conda#8c614f40ad830c2f1c2ba1f654ca81e5
https://conda.anaconda.org/conda-forge/noarch/r-stringr-1.5.1-r42h785f33e_0.conda#3207562ed0a64e80088d4294411590f2
https://conda.anaconda.org/conda-forge/linux-64/r-tidyselect-1.2.0-r42hc72bb7e_1.conda#31de9136bfb018e00176098e4856aade
https://conda.anaconda.org/conda-forge/linux-64/r-arrow-14.0.1-r42h59595ed_0.conda#2782f9264db87d67f8005bb05bb8516d
https://conda.anaconda.org/conda-forge/noarch/r-bslib-0.6.1-r42hc72bb7e_0.conda#7197c07ff19ca89945400bf04cc2695d
https://conda.anaconda.org/conda-forge/noarch/r-gargle-1.5.2-r42h785f33e_0.conda#b8a399104ec2af00654af3e83f5831c3
https://conda.anaconda.org/conda-forge/noarch/r-pkgload-1.3.4-r42hc72bb7e_0.conda#b1147bf9555c603832587e4ef99ac814
https://conda.anaconda.org/conda-forge/noarch/r-progress-1.2.3-r42hc72bb7e_0.conda#47d72472183775cbdb2709c3805a1895
https://conda.anaconda.org/conda-forge/linux-64/r-tibble-3.2.1-r42h57805ef_2.conda#b1278a5148c9e52679bb72112770cdc3
https://conda.anaconda.org/conda-forge/noarch/r-cellranger-1.1.0-r42hc72bb7e_1006.conda#dc3d9655cb252f807936ebc9904bf13a
https://conda.anaconda.org/conda-forge/linux-64/r-dplyr-1.1.4-r42ha503ecb_0.conda#3216cdbbccac28d270ad78dcf0d47033
https://conda.anaconda.org/conda-forge/noarch/r-ggplot2-3.5.0-r42hc72bb7e_0.conda#d9d56092a0c0f9a10513ad196b075d54
https://conda.anaconda.org/conda-forge/noarch/r-googledrive-2.1.1-r42hc72bb7e_1.conda#d3f237843c119c4bf8e0051af5fcd750
https://conda.anaconda.org/conda-forge/noarch/r-rematch2-2.1.2-r42hc72bb7e_3.conda#5ccfee6f3b94e6b247c7e1929b24f1cc
https://conda.anaconda.org/conda-forge/noarch/r-rmarkdown-2.25-r42hc72bb7e_0.conda#8a94e3dfe816600b0299b691c305a2fc
https://conda.anaconda.org/conda-forge/linux-64/r-vroom-1.6.5-r42ha503ecb_0.conda#c370ffa352da31db7468660e65004747
https://conda.anaconda.org/conda-forge/linux-64/r-emojifont-0.5.5-r42hc72bb7e_2.conda#b55e7bf5eae5e687c2429c72ac1bd186
https://conda.anaconda.org/conda-forge/linux-64/r-ggrepel-0.9.5-r42ha503ecb_0.conda#55609943146142232c0e59dbe69bf37e
https://conda.anaconda.org/conda-forge/noarch/r-googlesheets4-1.1.1-r42h785f33e_1.conda#f075e9daa8a87c08aa67b82dfe33d47b
https://conda.anaconda.org/conda-forge/linux-64/r-readr-2.1.5-r42ha503ecb_0.conda#0a2df843986e4f58e543a6615c77f669
https://conda.anaconda.org/conda-forge/linux-64/r-tidyr-1.3.1-r42ha503ecb_0.conda#026d17d808d7a5f6f534d37aeb97862d
https://conda.anaconda.org/conda-forge/noarch/r-waldo-0.5.2-r42hc72bb7e_0.conda#19d726dfdc4ccdf73f3e59c354f1260f
https://conda.anaconda.org/conda-forge/linux-64/r-testthat-3.2.1-r42ha503ecb_0.conda#98c0f00e3a6567b112cd1106c4629543
https://conda.anaconda.org/umccr/noarch/r-dracarys-0.13.0-r42_0.tar.bz2#8d3f0f00d5204d340c75df447dd91b45
